
Microsoft Visual Studio Solution File, Format Version 12.00
# Visual Studio Version 16
VisualStudioVersion = 16.0.29709.97
MinimumVisualStudioVersion = 10.0.40219.1
Project("{FAE04EC0-301F-11D3-BF4B-00C04F79EFBC}") = "NetworkShareMapper", "NetworkShareMapper\NetworkShareMapper.csproj", "{633E7B1E-C2E6-4967-B0D5-F64093F29FA2}"
EndProject
Global
	GlobalSection(SolutionConfigurationPlatforms) = preSolution
		Debug|Any CPU = Debug|Any CPU
		Release|Any CPU = Release|Any CPU
	EndGlobalSection
	GlobalSection(ProjectConfigurationPlatforms) = postSolution
		{633E7B1E-C2E6-4967-B0D5-F64093F29FA2}.Debug|Any CPU.ActiveCfg = Debug|Any CPU
		{633E7B1E-C2E6-4967-B0D5-F64093F29FA2}.Debug|Any CPU.Build.0 = Debug|Any CPU
		{633E7B1E-C2E6-4967-B0D5-F64093F29FA2}.Release|Any CPU.ActiveCfg = Release|Any CPU
		{633E7B1E-C2E6-4967-B0D5-F64093F29FA2}.Release|Any CPU.Build.0 = Release|Any CPU
	EndGlobalSection
	GlobalSection(SolutionProperties) = preSolution
		HideSolutionNode = FALSE
	EndGlobalSection
	GlobalSection(ExtensibilityGlobals) = postSolution
		SolutionGuid = {7818DCD2-8B98-4526-B9E5-1B814D920D1D}
	EndGlobalSection
EndGlobal
